Microsoft Visual Studio Solution File, Format Version 12.00
# Visual Studio 14
VisualStudioVersion = 14.0.25420.1
MinimumVisualStudioVersion = 10.0.40219.1
Project("{8BC9CEB8-8B4A-11D0-8D11-00A0C91BC942}") = "Stm32-DevBoardV1-LS24xECU", "Stm32-DevBoardV1-LS24xECU\Stm32-DevBoardV1-LS24xECU.vcxproj", "{3BDC8863-6A37-45CD-ABCE-7F495E5ECC87}"
EndProject
Project("{8BC9CEB8-8B4A-11D0-8D11-00A0C91BC942}") = "UnitTests", "UnitTests\UnitTests.vcxproj", "{1A09BB02-0FEC-4160-B5F6-1325F2C62927}"
EndProject
Project("{8BC9CEB8-8B4A-11D0-8D11-00A0C91BC942}") = "ReluctorDecoders", "..\ReluctorDecoders\ReluctorDecoders\ReluctorDecoders.vcxitems", "{B410EAA9-0A97-4339-A669-BAB737706124}"
EndProject
Project("{8BC9CEB8-8B4A-11D0-8D11-00A0C91BC942}") = "HardwareAbstraction", "..\HardwareAbstraction\HardwareAbstraction\HardwareAbstraction.vcxitems", "{A7BFBBA3-7F98-48AA-9F2C-F6C9C80A064F}"
EndProject
Project("{8BC9CEB8-8B4A-11D0-8D11-00A0C91BC942}") = "EngineManagement", "..\EngineManagement\EngineManagement\EngineManagement.vcxitems", "{41CFC6D8-0C3C-48C0-9F70-4590099B2DC4}"
EndProject
Project("{8BC9CEB8-8B4A-11D0-8D11-00A0C91BC942}") = "Stm32F103Services", "..\Stm32F103Services\Stm32F103Services\Stm32F103Services.vcxitems", "{45D41ACC-2C3C-43D2-BC10-02AA73FFC7C7}"
EndProject
Global
	GlobalSection(SharedMSBuildProjectFiles) = preSolution
		..\EngineManagement\EngineManagement\EngineManagement.vcxitems*{3bdc8863-6a37-45cd-abce-7f495e5ecc87}*SharedItemsImports = 4
		..\HardwareAbstraction\HardwareAbstraction\HardwareAbstraction.vcxitems*{3bdc8863-6a37-45cd-abce-7f495e5ecc87}*SharedItemsImports = 4
		..\ReluctorDecoders\ReluctorDecoders\ReluctorDecoders.vcxitems*{3bdc8863-6a37-45cd-abce-7f495e5ecc87}*SharedItemsImports = 4
		..\Stm32F103Services\Stm32F103Services\Stm32F103Services.vcxitems*{3bdc8863-6a37-45cd-abce-7f495e5ecc87}*SharedItemsImports = 4
		..\EngineManagement\EngineManagement\EngineManagement.vcxitems*{41cfc6d8-0c3c-48c0-9f70-4590099b2dc4}*SharedItemsImports = 9
		..\Stm32F103Services\Stm32F103Services\Stm32F103Services.vcxitems*{45d41acc-2c3c-43d2-bc10-02aa73ffc7c7}*SharedItemsImports = 9
		..\HardwareAbstraction\HardwareAbstraction\HardwareAbstraction.vcxitems*{a7bfbba3-7f98-48aa-9f2c-f6c9c80a064f}*SharedItemsImports = 9
		..\ReluctorDecoders\ReluctorDecoders\ReluctorDecoders.vcxitems*{b410eaa9-0a97-4339-a669-bab737706124}*SharedItemsImports = 9
	EndGlobalSection
	GlobalSection(SolutionConfigurationPlatforms) = preSolution
		Debug|VisualGDB = Debug|VisualGDB
		Debug|x64 = Debug|x64
		Debug|x86 = Debug|x86
		Release|VisualGDB = Release|VisualGDB
		Release|x64 = Release|x64
		Release|x86 = Release|x86
	EndGlobalSection
	GlobalSection(ProjectConfigurationPlatforms) = postSolution
		{3BDC8863-6A37-45CD-ABCE-7F495E5ECC87}.Debug|VisualGDB.ActiveCfg = Debug|VisualGDB
		{3BDC8863-6A37-45CD-ABCE-7F495E5ECC87}.Debug|VisualGDB.Build.0 = Debug|VisualGDB
		{3BDC8863-6A37-45CD-ABCE-7F495E5ECC87}.Debug|x64.ActiveCfg = Debug|VisualGDB
		{3BDC8863-6A37-45CD-ABCE-7F495E5ECC87}.Debug|x86.ActiveCfg = Debug|VisualGDB
		{3BDC8863-6A37-45CD-ABCE-7F495E5ECC87}.Release|VisualGDB.ActiveCfg = Release|VisualGDB
		{3BDC8863-6A37-45CD-ABCE-7F495E5ECC87}.Release|VisualGDB.Build.0 = Release|VisualGDB
		{3BDC8863-6A37-45CD-ABCE-7F495E5ECC87}.Release|x64.ActiveCfg = Release|VisualGDB
		{3BDC8863-6A37-45CD-ABCE-7F495E5ECC87}.Release|x86.ActiveCfg = Release|VisualGDB
		{1A09BB02-0FEC-4160-B5F6-1325F2C62927}.Debug|VisualGDB.ActiveCfg = Debug|Win32
		{1A09BB02-0FEC-4160-B5F6-1325F2C62927}.Debug|x64.ActiveCfg = Debug|x64
		{1A09BB02-0FEC-4160-B5F6-1325F2C62927}.Debug|x64.Build.0 = Debug|x64
		{1A09BB02-0FEC-4160-B5F6-1325F2C62927}.Debug|x86.ActiveCfg = Debug|Win32
		{1A09BB02-0FEC-4160-B5F6-1325F2C62927}.Debug|x86.Build.0 = Debug|Win32
		{1A09BB02-0FEC-4160-B5F6-1325F2C62927}.Release|VisualGDB.ActiveCfg = Release|Win32
		{1A09BB02-0FEC-4160-B5F6-1325F2C62927}.Release|x64.ActiveCfg = Release|x64
		{1A09BB02-0FEC-4160-B5F6-1325F2C62927}.Release|x64.Build.0 = Release|x64
		{1A09BB02-0FEC-4160-B5F6-1325F2C62927}.Release|x86.ActiveCfg = Release|Win32
		{1A09BB02-0FEC-4160-B5F6-1325F2C62927}.Release|x86.Build.0 = Release|Win32
	EndGlobalSection
	GlobalSection(SolutionProperties) = preSolution
		HideSolutionNode = FALSE
	EndGlobalSection
EndGlobal
