
Microsoft Visual Studio Solution File, Format Version 12.00
# Visual Studio 14
VisualStudioVersion = 14.0.25420.1
MinimumVisualStudioVersion = 10.0.40219.1
Project("{8BC9CEB8-8B4A-11D0-8D11-00A0C91BC942}") = "Atmega328p-ECU", "Atmega328p-ECU\Atmega328p-ECU.vcxproj", "{8DAB534C-034D-4BB2-BDDF-BCED5FB94200}"
EndProject
Project("{8BC9CEB8-8B4A-11D0-8D11-00A0C91BC942}") = "EngineManagement", "..\EngineManagement\EngineManagement\EngineManagement.vcxitems", "{41CFC6D8-0C3C-48C0-9F70-4590099B2DC4}"
EndProject
Project("{8BC9CEB8-8B4A-11D0-8D11-00A0C91BC942}") = "HardwareAbstraction", "..\HardwareAbstraction\HardwareAbstraction\HardwareAbstraction.vcxitems", "{A7BFBBA3-7F98-48AA-9F2C-F6C9C80A064F}"
EndProject
Project("{8BC9CEB8-8B4A-11D0-8D11-00A0C91BC942}") = "ReluctorDecoders", "..\ReluctorDecoders\ReluctorDecoders\ReluctorDecoders.vcxitems", "{B410EAA9-0A97-4339-A669-BAB737706124}"
EndProject
Global
	GlobalSection(SharedMSBuildProjectFiles) = preSolution
		..\EngineManagement\EngineManagement\EngineManagement.vcxitems*{41cfc6d8-0c3c-48c0-9f70-4590099b2dc4}*SharedItemsImports = 9
		..\EngineManagement\EngineManagement\EngineManagement.vcxitems*{8dab534c-034d-4bb2-bddf-bced5fb94200}*SharedItemsImports = 4
		..\HardwareAbstraction\HardwareAbstraction\HardwareAbstraction.vcxitems*{8dab534c-034d-4bb2-bddf-bced5fb94200}*SharedItemsImports = 4
		..\ReluctorDecoders\ReluctorDecoders\ReluctorDecoders.vcxitems*{8dab534c-034d-4bb2-bddf-bced5fb94200}*SharedItemsImports = 4
		..\HardwareAbstraction\HardwareAbstraction\HardwareAbstraction.vcxitems*{a7bfbba3-7f98-48aa-9f2c-f6c9c80a064f}*SharedItemsImports = 9
		..\ReluctorDecoders\ReluctorDecoders\ReluctorDecoders.vcxitems*{b410eaa9-0a97-4339-a669-bab737706124}*SharedItemsImports = 9
	EndGlobalSection
	GlobalSection(SolutionConfigurationPlatforms) = preSolution
		Debug|VisualGDB = Debug|VisualGDB
		Release|VisualGDB = Release|VisualGDB
	EndGlobalSection
	GlobalSection(ProjectConfigurationPlatforms) = postSolution
		{8DAB534C-034D-4BB2-BDDF-BCED5FB94200}.Debug|VisualGDB.ActiveCfg = Debug|VisualGDB
		{8DAB534C-034D-4BB2-BDDF-BCED5FB94200}.Debug|VisualGDB.Build.0 = Debug|VisualGDB
		{8DAB534C-034D-4BB2-BDDF-BCED5FB94200}.Release|VisualGDB.ActiveCfg = Release|VisualGDB
		{8DAB534C-034D-4BB2-BDDF-BCED5FB94200}.Release|VisualGDB.Build.0 = Release|VisualGDB
	EndGlobalSection
	GlobalSection(SolutionProperties) = preSolution
		HideSolutionNode = FALSE
	EndGlobalSection
EndGlobal
