<?xml version="1.0" encoding="utf-8"?>
<Project ToolsVersion="4.0" xmlns="http://schemas.microsoft.com/developer/msbuild/2003">
  <ItemGroup>
    <Filter Include="Source Files">
      <UniqueIdentifier>{4FC737F1-C7A5-4376-A066-2A32D752A2FF}</UniqueIdentifier>
      <Extensions>cpp;c;cc;cxx;def;odl;idl;hpj;bat;asm;asmx</Extensions>
    </Filter>
    <Filter Include="Header Files">
      <UniqueIdentifier>{93995380-89BD-4b04-88EB-625FBE52EBFB}</UniqueIdentifier>
      <Extensions>h;hh;hpp;hxx;hm;inl;inc;xsd</Extensions>
    </Filter>
    <Filter Include="Resource Files">
      <UniqueIdentifier>{67DA6AB6-F800-4c08-8B7A-83BB121AAD01}</UniqueIdentifier>
      <Extensions>rc;ico;cur;bmp;dlg;rc2;rct;bin;rgs;gif;jpg;jpeg;jpe;resx;tiff;tif;png;wav;mfcribbon-ms</Extensions>
    </Filter>
    <Filter Include="Header Files\PistonEngine">
      <UniqueIdentifier>{6cb4570e-6148-45ec-afa8-600a07da0860}</UniqueIdentifier>
    </Filter>
    <Filter Include="Header Files\Services">
      <UniqueIdentifier>{d01e15ed-f4d1-4e09-bdaa-ac290db80e39}</UniqueIdentifier>
    </Filter>
    <Filter Include="Source Files\Services">
      <UniqueIdentifier>{9471fcc2-35a7-4b22-9e5f-fd019921677d}</UniqueIdentifier>
    </Filter>
    <Filter Include="Source Files\PistonEngine">
      <UniqueIdentifier>{46364c20-d07c-4218-9b0c-52dd58547fb3}</UniqueIdentifier>
    </Filter>
  </ItemGroup>
  <ItemGroup>
    <ClInclude Include="stdafx.h">
      <Filter>Header Files</Filter>
    </ClInclude>
    <ClInclude Include="targetver.h">
      <Filter>Header Files</Filter>
    </ClInclude>
    <ClInclude Include="MockPistonEngineIgnitionConfig.h">
      <Filter>Header Files\PistonEngine</Filter>
    </ClInclude>
    <ClInclude Include="MockPistonEngineInjectionConfig.h">
      <Filter>Header Files\PistonEngine</Filter>
    </ClInclude>
    <ClInclude Include="MockAfrService.h">
      <Filter>Header Files\Services</Filter>
    </ClInclude>
    <ClInclude Include="MockFuelPumpService.h">
      <Filter>Header Files\Services</Filter>
    </ClInclude>
    <ClInclude Include="MockFuelTrimService.h">
      <Filter>Header Files\Services</Filter>
    </ClInclude>
    <ClInclude Include="MockIgnitorService.h">
      <Filter>Header Files\Services</Filter>
    </ClInclude>
    <ClInclude Include="MockInjectorService.h">
      <Filter>Header Files\Services</Filter>
    </ClInclude>
    <ClInclude Include="MockPrimeService.h">
      <Filter>Header Files\Services</Filter>
    </ClInclude>
    <ClInclude Include="MockTimerService.h">
      <Filter>Header Files\Services</Filter>
    </ClInclude>
    <ClInclude Include="MockDecoder.h">
      <Filter>Header Files</Filter>
    </ClInclude>
    <ClInclude Include="MockAnalogService.h">
      <Filter>Header Files\Services</Filter>
    </ClInclude>
    <ClInclude Include="MockPwmService.h">
      <Filter>Header Files\Services</Filter>
    </ClInclude>
    <ClInclude Include="MockDigitalService.h">
      <Filter>Header Files\Services</Filter>
    </ClInclude>
    <ClInclude Include="MockFloatInputService.h">
      <Filter>Header Files\Services</Filter>
    </ClInclude>
  </ItemGroup>
  <ItemGroup>
    <ClCompile Include="stdafx.cpp">
      <Filter>Source Files</Filter>
    </ClCompile>
    <ClCompile Include="AfrService_Map_EthanolTests.cpp">
      <Filter>Source Files\Services</Filter>
    </ClCompile>
    <ClCompile Include="EngineCoolantTemperatureService_AnalogTests.cpp">
      <Filter>Source Files\Services</Filter>
    </ClCompile>
    <ClCompile Include="EthanolService_PwmTests.cpp">
      <Filter>Source Files\Services</Filter>
    </ClCompile>
    <ClCompile Include="IgnitorServiceTests.cpp">
      <Filter>Source Files\Services</Filter>
    </ClCompile>
    <ClCompile Include="gmock_initialize.cpp">
      <Filter>Source Files</Filter>
    </ClCompile>
    <ClCompile Include="InjectorServiceTests.cpp">
      <Filter>Source Files\Services</Filter>
    </ClCompile>
    <ClCompile Include="FuelPumpServiceTests.cpp">
      <Filter>Source Files\Services</Filter>
    </ClCompile>
    <ClCompile Include="PrimeService_StaticPulseWidthTests.cpp">
      <Filter>Source Files\Services</Filter>
    </ClCompile>
  </ItemGroup>
  <ItemGroup>
    <None Include="packages.config" />
  </ItemGroup>
</Project>