<?xml version="1.0" encoding="utf-8"?>
<Project ToolsVersion="4.0" xmlns="http://schemas.microsoft.com/developer/msbuild/2003">
  <ItemGroup>
    <Filter Include="Header Files">
      <UniqueIdentifier>{d7f05cad-871f-4081-a74e-86d02d9c502d}</UniqueIdentifier>
    </Filter>
    <Filter Include="Source Files">
      <UniqueIdentifier>{814598e9-e404-4e0b-9ebf-3b91f54765b4}</UniqueIdentifier>
    </Filter>
    <Filter Include="Source Files\PistonEngine">
      <UniqueIdentifier>{0c3dffe8-54b3-49c8-937f-2dacb267481b}</UniqueIdentifier>
    </Filter>
    <Filter Include="Header Files\PistonEngine">
      <UniqueIdentifier>{bc0a1158-10ff-449f-a891-0970aa36a38c}</UniqueIdentifier>
    </Filter>
    <Filter Include="Header Files\PistonEngine\InjectionConfig">
      <UniqueIdentifier>{a4bf6fbc-d198-4681-8bba-8b17ce18e834}</UniqueIdentifier>
    </Filter>
    <Filter Include="Source Files\PistonEngine\InjectionConfig">
      <UniqueIdentifier>{252bd9bf-1a1d-49f3-9a6c-da409b169bd1}</UniqueIdentifier>
    </Filter>
    <Filter Include="Header Files\PistonEngine\Interface">
      <UniqueIdentifier>{bed36a59-2f23-4e0d-8dd8-98fa9a6c5c34}</UniqueIdentifier>
    </Filter>
    <Filter Include="Source Files\PistonEngine\IgnitionConfig">
      <UniqueIdentifier>{e6e97fa1-4eff-47ea-813b-dc44fc33d479}</UniqueIdentifier>
    </Filter>
    <Filter Include="Header Files\PistonEngine\IgnitionConfig">
      <UniqueIdentifier>{4634e4bc-4c69-4f61-af62-d19b261a094e}</UniqueIdentifier>
    </Filter>
    <Filter Include="Header Files\IOService">
      <UniqueIdentifier>{8fa050a8-1b03-444d-967b-087e37b5f437}</UniqueIdentifier>
    </Filter>
    <Filter Include="Header Files\IOService\Interface">
      <UniqueIdentifier>{ba14cd7f-53b4-4ce1-b28d-b9f9bd20159b}</UniqueIdentifier>
    </Filter>
    <Filter Include="Header Files\IOService\FloatInputService">
      <UniqueIdentifier>{c8c0f3ff-79eb-4faa-9712-a207c4ee340a}</UniqueIdentifier>
    </Filter>
    <Filter Include="Header Files\IOService\BooleanInputService">
      <UniqueIdentifier>{4bf0e161-3bd1-41d7-9c87-b8355bc5d3ab}</UniqueIdentifier>
    </Filter>
    <Filter Include="Header Files\IOService\FloatOutputService">
      <UniqueIdentifier>{a4cf768f-7328-411c-9dd8-af8aa55327d2}</UniqueIdentifier>
    </Filter>
    <Filter Include="Source Files\IOService">
      <UniqueIdentifier>{c486498b-cc6c-4c8a-bf5d-cf08800d395c}</UniqueIdentifier>
    </Filter>
    <Filter Include="Source Files\IOService\Interface">
      <UniqueIdentifier>{782ddfbb-7fda-4085-9b30-0add44e20fa3}</UniqueIdentifier>
    </Filter>
    <Filter Include="Header Files\ApplicationService">
      <UniqueIdentifier>{276542d2-faaf-4459-9627-17375df4388a}</UniqueIdentifier>
    </Filter>
    <Filter Include="Header Files\ApplicationService\Interface">
      <UniqueIdentifier>{4b95544a-1712-4491-ac81-2cec2ac7f90e}</UniqueIdentifier>
    </Filter>
    <Filter Include="Header Files\ApplicationService\AfrService">
      <UniqueIdentifier>{b39aa646-ecd0-4aef-87dc-628bfe712b00}</UniqueIdentifier>
    </Filter>
    <Filter Include="Header Files\ApplicationService\FuelPumpService">
      <UniqueIdentifier>{ef8efa53-fbd7-4f50-8c4b-68a683c02b25}</UniqueIdentifier>
    </Filter>
    <Filter Include="Header Files\ApplicationService\FuelTrimService">
      <UniqueIdentifier>{033e91b9-9d4d-4ad7-b0d3-4d5201d6a74b}</UniqueIdentifier>
    </Filter>
    <Filter Include="Header Files\Service">
      <UniqueIdentifier>{539efd52-6258-48df-96f4-06027555c68c}</UniqueIdentifier>
    </Filter>
    <Filter Include="Source Files\Service">
      <UniqueIdentifier>{a6b11a17-2d52-41eb-beaa-dc94d2fe762e}</UniqueIdentifier>
    </Filter>
    <Filter Include="Source Files\ApplicationService">
      <UniqueIdentifier>{4fbf0a2e-6182-413b-9f2f-61935cd9ea7f}</UniqueIdentifier>
    </Filter>
    <Filter Include="Source Files\ApplicationService\Interface">
      <UniqueIdentifier>{52b207bc-ea26-4c7c-9635-8b9d91d882be}</UniqueIdentifier>
    </Filter>
    <Filter Include="Source Files\ApplicationService\FuelPumpService">
      <UniqueIdentifier>{7d0443db-a147-4e11-8b44-b789d204a625}</UniqueIdentifier>
    </Filter>
    <Filter Include="Source Files\ApplicationService\FuelTrimService">
      <UniqueIdentifier>{859f74c0-d00e-43fa-9335-5243786b4eb5}</UniqueIdentifier>
    </Filter>
  </ItemGroup>
  <ItemGroup>
    <ClInclude Include="$(MSBuildThisFileDirectory)AfrService_Static.h">
      <Filter>Header Files\ApplicationService\AfrService</Filter>
    </ClInclude>
    <ClInclude Include="$(MSBuildThisFileDirectory)AfrService_Map_Ethanol.h">
      <Filter>Header Files\ApplicationService\AfrService</Filter>
    </ClInclude>
    <ClInclude Include="$(MSBuildThisFileDirectory)IPistonEngineIgnitionConfig.h">
      <Filter>Header Files\PistonEngine\Interface</Filter>
    </ClInclude>
    <ClInclude Include="$(MSBuildThisFileDirectory)IPistonEngineInjectionConfig.h">
      <Filter>Header Files\PistonEngine\Interface</Filter>
    </ClInclude>
    <ClInclude Include="$(MSBuildThisFileDirectory)PistonEngineInjectionConfig_SD.h">
      <Filter>Header Files\PistonEngine\InjectionConfig</Filter>
    </ClInclude>
    <ClInclude Include="$(MSBuildThisFileDirectory)PistonEngineInjectionConfigWrapper_DFCO.h">
      <Filter>Header Files\PistonEngine\InjectionConfig</Filter>
    </ClInclude>
    <ClInclude Include="$(MSBuildThisFileDirectory)PistonEngineIgnitionConfigWrapper_HardRpmLimit.h">
      <Filter>Header Files\PistonEngine\IgnitionConfig</Filter>
    </ClInclude>
    <ClInclude Include="$(MSBuildThisFileDirectory)PistonEngineIgnitionConfigWrapper_SoftPidRpmLimit.h">
      <Filter>Header Files\PistonEngine\IgnitionConfig</Filter>
    </ClInclude>
    <ClInclude Include="$(MSBuildThisFileDirectory)PistonEngineIgnitionConfig_Map_Ethanol.h">
      <Filter>Header Files\PistonEngine\IgnitionConfig</Filter>
    </ClInclude>
    <ClInclude Include="$(MSBuildThisFileDirectory)FuelTrimService_InterpolatedTable.h">
      <Filter>Header Files\ApplicationService\FuelTrimService</Filter>
    </ClInclude>
    <ClInclude Include="$(MSBuildThisFileDirectory)FuelTrimServiceWrapper_MultiChannel.h">
      <Filter>Header Files\ApplicationService\FuelTrimService</Filter>
    </ClInclude>
    <ClInclude Include="$(MSBuildThisFileDirectory)FuelPumpService.h">
      <Filter>Header Files\ApplicationService\FuelPumpService</Filter>
    </ClInclude>
    <ClInclude Include="$(MSBuildThisFileDirectory)TachometerService.h">
      <Filter>Header Files\ApplicationService</Filter>
    </ClInclude>
    <ClInclude Include="$(MSBuildThisFileDirectory)PrimeService_StaticPulseWidth.h">
      <Filter>Header Files\ApplicationService</Filter>
    </ClInclude>
    <ClInclude Include="$(MSBuildThisFileDirectory)IPrimeService.h">
      <Filter>Header Files\ApplicationService\Interface</Filter>
    </ClInclude>
    <ClInclude Include="$(MSBuildThisFileDirectory)IBooleanOutputService.h">
      <Filter>Header Files\IOService\Interface</Filter>
    </ClInclude>
    <ClInclude Include="$(MSBuildThisFileDirectory)IdleControlService_Pid.h">
      <Filter>Header Files\ApplicationService</Filter>
    </ClInclude>
    <ClInclude Include="$(MSBuildThisFileDirectory)IAfrService.h">
      <Filter>Header Files\ApplicationService\Interface</Filter>
    </ClInclude>
    <ClInclude Include="$(MSBuildThisFileDirectory)IFuelPumpService.h">
      <Filter>Header Files\ApplicationService\Interface</Filter>
    </ClInclude>
    <ClInclude Include="$(MSBuildThisFileDirectory)IFuelTrimService.h">
      <Filter>Header Files\ApplicationService\Interface</Filter>
    </ClInclude>
    <ClInclude Include="$(MSBuildThisFileDirectory)IIdleControlService.h">
      <Filter>Header Files\ApplicationService\Interface</Filter>
    </ClInclude>
    <ClInclude Include="$(MSBuildThisFileDirectory)IFloatInputService.h">
      <Filter>Header Files\IOService\Interface</Filter>
    </ClInclude>
    <ClInclude Include="$(MSBuildThisFileDirectory)FloatInputService_Static.h">
      <Filter>Header Files\IOService\FloatInputService</Filter>
    </ClInclude>
    <ClInclude Include="$(MSBuildThisFileDirectory)FloatInputService_AnalogPolynomial.h">
      <Filter>Header Files\IOService\FloatInputService</Filter>
    </ClInclude>
    <ClInclude Include="$(MSBuildThisFileDirectory)FloatInputService_FrequencyPolynomial.h">
      <Filter>Header Files\IOService\FloatInputService</Filter>
    </ClInclude>
    <ClInclude Include="$(MSBuildThisFileDirectory)BooleanOutputService.h">
      <Filter>Header Files\IOService</Filter>
    </ClInclude>
    <ClInclude Include="$(MSBuildThisFileDirectory)IBooleanInputService.h">
      <Filter>Header Files\IOService\Interface</Filter>
    </ClInclude>
    <ClInclude Include="$(MSBuildThisFileDirectory)BooleanInputService_Static.h">
      <Filter>Header Files\IOService\BooleanInputService</Filter>
    </ClInclude>
    <ClInclude Include="$(MSBuildThisFileDirectory)BooleanInputService.h">
      <Filter>Header Files\IOService\BooleanInputService</Filter>
    </ClInclude>
    <ClInclude Include="$(MSBuildThisFileDirectory)IFloatOutputService.h">
      <Filter>Header Files\IOService\Interface</Filter>
    </ClInclude>
    <ClInclude Include="$(MSBuildThisFileDirectory)FloatOutputService_PwmPolynomial.h">
      <Filter>Header Files\IOService\FloatOutputService</Filter>
    </ClInclude>
    <ClInclude Include="$(MSBuildThisFileDirectory)FloatOutputService_StepperPolynomial.h">
      <Filter>Header Files\IOService\FloatOutputService</Filter>
    </ClInclude>
    <ClInclude Include="$(MSBuildThisFileDirectory)Interpolation.h">
      <Filter>Header Files</Filter>
    </ClInclude>
    <ClInclude Include="$(MSBuildThisFileDirectory)ServiceBuilder.h">
      <Filter>Header Files\Service</Filter>
    </ClInclude>
    <ClInclude Include="$(MSBuildThisFileDirectory)ServiceLocator.h">
      <Filter>Header Files\Service</Filter>
    </ClInclude>
    <ClInclude Include="$(MSBuildThisFileDirectory)IStepperOutputService.h">
      <Filter>Header Files\IOService\Interface</Filter>
    </ClInclude>
    <ClInclude Include="$(MSBuildThisFileDirectory)FuelPumpService_Analog.h">
      <Filter>Header Files\ApplicationService\FuelPumpService</Filter>
    </ClInclude>
    <ClInclude Include="$(MSBuildThisFileDirectory)PistonEngineIgnitionConfig_Static.h">
      <Filter>Header Files\PistonEngine\IgnitionConfig</Filter>
    </ClInclude>
    <ClInclude Include="$(MSBuildThisFileDirectory)Packed.h">
      <Filter>Header Files</Filter>
    </ClInclude>
    <ClInclude Include="$(MSBuildThisFileDirectory)IgnitionSchedulingService.h">
      <Filter>Header Files\PistonEngine</Filter>
    </ClInclude>
    <ClInclude Include="$(MSBuildThisFileDirectory)InjectionSchedulingService.h">
      <Filter>Header Files\PistonEngine</Filter>
    </ClInclude>
    <ClInclude Include="$(MSBuildThisFileDirectory)CallBackGroup.h">
      <Filter>Header Files\Service</Filter>
    </ClInclude>
  </ItemGroup>
  <ItemGroup>
    <ClCompile Include="$(MSBuildThisFileDirectory)PistonEngineInjectionConfig_SD.cpp">
      <Filter>Source Files\PistonEngine\InjectionConfig</Filter>
    </ClCompile>
    <ClCompile Include="$(MSBuildThisFileDirectory)PistonEngineInjectionConfigWrapper_DFCO.cpp">
      <Filter>Source Files\PistonEngine\InjectionConfig</Filter>
    </ClCompile>
    <ClCompile Include="$(MSBuildThisFileDirectory)PistonEngineIgnitionConfig_Map_Ethanol.cpp">
      <Filter>Source Files\PistonEngine\IgnitionConfig</Filter>
    </ClCompile>
    <ClCompile Include="$(MSBuildThisFileDirectory)PistonEngineIgnitionConfigWrapper_HardRpmLimit.cpp">
      <Filter>Source Files\PistonEngine\IgnitionConfig</Filter>
    </ClCompile>
    <ClCompile Include="$(MSBuildThisFileDirectory)PistonEngineIgnitionConfigWrapper_SoftPidRpmLimit.cpp">
      <Filter>Source Files\PistonEngine\IgnitionConfig</Filter>
    </ClCompile>
    <ClCompile Include="$(MSBuildThisFileDirectory)FuelTrimServiceWrapper_InterpolatedTable.cpp">
      <Filter>Source Files\ApplicationService\FuelTrimService</Filter>
    </ClCompile>
    <ClCompile Include="$(MSBuildThisFileDirectory)FuelTrimServiceWrapper_MultiChannel.cpp">
      <Filter>Source Files\ApplicationService\FuelTrimService</Filter>
    </ClCompile>
    <ClCompile Include="$(MSBuildThisFileDirectory)FuelPumpService.cpp">
      <Filter>Source Files\ApplicationService\FuelPumpService</Filter>
    </ClCompile>
    <ClCompile Include="$(MSBuildThisFileDirectory)IStepperService.cpp">
      <Filter>Source Files\IOService\Interface</Filter>
    </ClCompile>
    <ClCompile Include="$(MSBuildThisFileDirectory)TachometerService.cpp">
      <Filter>Source Files\ApplicationService</Filter>
    </ClCompile>
    <ClCompile Include="$(MSBuildThisFileDirectory)PrimeService_StaticPulseWidth.cpp">
      <Filter>Source Files\ApplicationService</Filter>
    </ClCompile>
    <ClCompile Include="$(MSBuildThisFileDirectory)IFloatInputService.cpp">
      <Filter>Source Files\IOService\Interface</Filter>
    </ClCompile>
    <ClCompile Include="$(MSBuildThisFileDirectory)IBooleanOuputService.cpp">
      <Filter>Source Files\IOService\Interface</Filter>
    </ClCompile>
    <ClCompile Include="$(MSBuildThisFileDirectory)BooleanOutputService.cpp">
      <Filter>Source Files\IOService</Filter>
    </ClCompile>
    <ClCompile Include="$(MSBuildThisFileDirectory)BooleanInputService.cpp">
      <Filter>Source Files\IOService</Filter>
    </ClCompile>
    <ClCompile Include="$(MSBuildThisFileDirectory)AfrService_Map_Ethanol.cpp">
      <Filter>Source Files\ApplicationService</Filter>
    </ClCompile>
    <ClCompile Include="$(MSBuildThisFileDirectory)IBooleanInputService.cpp">
      <Filter>Source Files\IOService\Interface</Filter>
    </ClCompile>
    <ClCompile Include="$(MSBuildThisFileDirectory)IFloatOutputService.cpp">
      <Filter>Source Files\IOService\Interface</Filter>
    </ClCompile>
    <ClCompile Include="$(MSBuildThisFileDirectory)Interpolation.cpp">
      <Filter>Source Files</Filter>
    </ClCompile>
    <ClCompile Include="$(MSBuildThisFileDirectory)ServiceLocator.cpp">
      <Filter>Source Files\Service</Filter>
    </ClCompile>
    <ClCompile Include="$(MSBuildThisFileDirectory)ServiceBuilder.cpp">
      <Filter>Source Files\Service</Filter>
    </ClCompile>
    <ClCompile Include="$(MSBuildThisFileDirectory)IdleControlService_Pid.cpp">
      <Filter>Source Files\ApplicationService</Filter>
    </ClCompile>
    <ClCompile Include="$(MSBuildThisFileDirectory)FuelPumpService_Analog.cpp">
      <Filter>Source Files\ApplicationService\FuelPumpService</Filter>
    </ClCompile>
    <ClCompile Include="$(MSBuildThisFileDirectory)PistoneEngineIgnitionConfig_Static.cpp">
      <Filter>Source Files\PistonEngine\IgnitionConfig</Filter>
    </ClCompile>
    <ClCompile Include="$(MSBuildThisFileDirectory)IgnitionSchedulingService.cpp">
      <Filter>Source Files\PistonEngine</Filter>
    </ClCompile>
    <ClCompile Include="$(MSBuildThisFileDirectory)InjectionSchedulingService.cpp">
      <Filter>Source Files\PistonEngine</Filter>
    </ClCompile>
  </ItemGroup>
</Project>