<?xml version="1.0" encoding="utf-8"?>
<Project ToolsVersion="4.0" xmlns="http://schemas.microsoft.com/developer/msbuild/2003">
  <ItemGroup>
    <Filter Include="Header Files">
      <UniqueIdentifier>{d7f05cad-871f-4081-a74e-86d02d9c502d}</UniqueIdentifier>
    </Filter>
    <Filter Include="Source Files">
      <UniqueIdentifier>{814598e9-e404-4e0b-9ebf-3b91f54765b4}</UniqueIdentifier>
    </Filter>
    <Filter Include="Tune Files">
      <UniqueIdentifier>{a177e23b-8738-4b72-8bf0-cfe3eea74097}</UniqueIdentifier>
    </Filter>
    <Filter Include="Source Files\PistonEngine">
      <UniqueIdentifier>{0c3dffe8-54b3-49c8-937f-2dacb267481b}</UniqueIdentifier>
    </Filter>
    <Filter Include="Header Files\PistonEngine">
      <UniqueIdentifier>{bc0a1158-10ff-449f-a891-0970aa36a38c}</UniqueIdentifier>
    </Filter>
    <Filter Include="Header Files\PistonEngine\InjectionConfig">
      <UniqueIdentifier>{a4bf6fbc-d198-4681-8bba-8b17ce18e834}</UniqueIdentifier>
    </Filter>
    <Filter Include="Source Files\PistonEngine\InjectionConfig">
      <UniqueIdentifier>{252bd9bf-1a1d-49f3-9a6c-da409b169bd1}</UniqueIdentifier>
    </Filter>
    <Filter Include="Header Files\Services">
      <UniqueIdentifier>{8fa050a8-1b03-444d-967b-087e37b5f437}</UniqueIdentifier>
    </Filter>
    <Filter Include="Header Files\Services\VoltageService">
      <UniqueIdentifier>{013cd98d-a4ad-4998-8458-2a53d1a1442f}</UniqueIdentifier>
    </Filter>
    <Filter Include="Header Files\Services\IntakeAirTemperatureService">
      <UniqueIdentifier>{c8c0f3ff-79eb-4faa-9712-a207c4ee340a}</UniqueIdentifier>
    </Filter>
    <Filter Include="Header Files\Services\EthanolService">
      <UniqueIdentifier>{912035ef-7564-4f03-9e24-144cbb9a9608}</UniqueIdentifier>
    </Filter>
    <Filter Include="Header Files\Services\EngineCoolantTemperatureService">
      <UniqueIdentifier>{4a6751a8-4481-44ee-bd04-89ffd3c19bb1}</UniqueIdentifier>
    </Filter>
    <Filter Include="Header Files\Services\AfrService">
      <UniqueIdentifier>{b39aa646-ecd0-4aef-87dc-628bfe712b00}</UniqueIdentifier>
    </Filter>
    <Filter Include="Header Files\Services\Interface">
      <UniqueIdentifier>{ba14cd7f-53b4-4ce1-b28d-b9f9bd20159b}</UniqueIdentifier>
    </Filter>
    <Filter Include="Header Files\PistonEngine\Interface">
      <UniqueIdentifier>{bed36a59-2f23-4e0d-8dd8-98fa9a6c5c34}</UniqueIdentifier>
    </Filter>
    <Filter Include="Source Files\PistonEngine\IgnitionConfig">
      <UniqueIdentifier>{e6e97fa1-4eff-47ea-813b-dc44fc33d479}</UniqueIdentifier>
    </Filter>
    <Filter Include="Header Files\PistonEngine\IgnitionConfig">
      <UniqueIdentifier>{4634e4bc-4c69-4f61-af62-d19b261a094e}</UniqueIdentifier>
    </Filter>
    <Filter Include="Source Files\Services">
      <UniqueIdentifier>{c486498b-cc6c-4c8a-bf5d-cf08800d395c}</UniqueIdentifier>
    </Filter>
    <Filter Include="Source Files\Services\EthanolService">
      <UniqueIdentifier>{1e4d92e0-61e9-4ed0-9be6-ab6a88e94ddc}</UniqueIdentifier>
    </Filter>
    <Filter Include="Source Files\Services\Interface">
      <UniqueIdentifier>{782ddfbb-7fda-4085-9b30-0add44e20fa3}</UniqueIdentifier>
    </Filter>
  </ItemGroup>
  <ItemGroup>
    <ClInclude Include="$(MSBuildThisFileDirectory)AfrService_Static.h">
      <Filter>Header Files\Services\AfrService</Filter>
    </ClInclude>
    <ClInclude Include="$(MSBuildThisFileDirectory)AfrService_Map_Ethanol.h">
      <Filter>Header Files\Services\AfrService</Filter>
    </ClInclude>
    <ClInclude Include="$(MSBuildThisFileDirectory)IPistonEngineIgnitionConfig.h">
      <Filter>Header Files\PistonEngine\Interface</Filter>
    </ClInclude>
    <ClInclude Include="$(MSBuildThisFileDirectory)IPistonEngineInjectionConfig.h">
      <Filter>Header Files\PistonEngine\Interface</Filter>
    </ClInclude>
    <ClInclude Include="$(MSBuildThisFileDirectory)EngineCoolantTemperatureService_Analog.h">
      <Filter>Header Files\Services\EngineCoolantTemperatureService</Filter>
    </ClInclude>
    <ClInclude Include="$(MSBuildThisFileDirectory)EngineCoolantTemperatureService_Static.h">
      <Filter>Header Files\Services\EngineCoolantTemperatureService</Filter>
    </ClInclude>
    <ClInclude Include="$(MSBuildThisFileDirectory)EthanolService_Static.h">
      <Filter>Header Files\Services\EthanolService</Filter>
    </ClInclude>
    <ClInclude Include="$(MSBuildThisFileDirectory)EthanolService_Analog.h">
      <Filter>Header Files\Services\EthanolService</Filter>
    </ClInclude>
    <ClInclude Include="$(MSBuildThisFileDirectory)EthanolService_Pwm.h">
      <Filter>Header Files\Services\EthanolService</Filter>
    </ClInclude>
    <ClInclude Include="$(MSBuildThisFileDirectory)IntakeAirTemperatureService_Analog.h">
      <Filter>Header Files\Services\IntakeAirTemperatureService</Filter>
    </ClInclude>
    <ClInclude Include="$(MSBuildThisFileDirectory)IntakeAirTemperatureService_Static.h">
      <Filter>Header Files\Services\IntakeAirTemperatureService</Filter>
    </ClInclude>
    <ClInclude Include="$(MSBuildThisFileDirectory)VoltageService_Analog.h">
      <Filter>Header Files\Services\VoltageService</Filter>
    </ClInclude>
    <ClInclude Include="$(MSBuildThisFileDirectory)VoltageService_Static.h">
      <Filter>Header Files\Services\VoltageService</Filter>
    </ClInclude>
    <ClInclude Include="$(MSBuildThisFileDirectory)PistonEngineController.h">
      <Filter>Header Files\PistonEngine</Filter>
    </ClInclude>
    <ClInclude Include="$(MSBuildThisFileDirectory)PistonEngineFactory.h">
      <Filter>Header Files\PistonEngine</Filter>
    </ClInclude>
    <ClInclude Include="$(MSBuildThisFileDirectory)PistonEngineInjectionConfig_SD.h">
      <Filter>Header Files\PistonEngine\InjectionConfig</Filter>
    </ClInclude>
    <ClInclude Include="$(MSBuildThisFileDirectory)PistonEngineInjectionConfigWrapper_DFCO.h">
      <Filter>Header Files\PistonEngine\InjectionConfig</Filter>
    </ClInclude>
    <ClInclude Include="$(MSBuildThisFileDirectory)PistonEngineConfig.h">
      <Filter>Header Files\PistonEngine</Filter>
    </ClInclude>
    <ClInclude Include="$(MSBuildThisFileDirectory)TpsService_Analog.h">
      <Filter>Header Files\Services</Filter>
    </ClInclude>
    <ClInclude Include="$(MSBuildThisFileDirectory)MapService_Analog.h">
      <Filter>Header Files\Services</Filter>
    </ClInclude>
    <ClInclude Include="$(MSBuildThisFileDirectory)InjectorService.h">
      <Filter>Header Files\Services</Filter>
    </ClInclude>
    <ClInclude Include="$(MSBuildThisFileDirectory)IgnitorService.h">
      <Filter>Header Files\Services</Filter>
    </ClInclude>
    <ClInclude Include="$(MSBuildThisFileDirectory)IAfrService.h">
      <Filter>Header Files\Services\Interface</Filter>
    </ClInclude>
    <ClInclude Include="$(MSBuildThisFileDirectory)IEngineCoolantTemperatureService.h">
      <Filter>Header Files\Services\Interface</Filter>
    </ClInclude>
    <ClInclude Include="$(MSBuildThisFileDirectory)IEthanolService.h">
      <Filter>Header Files\Services\Interface</Filter>
    </ClInclude>
    <ClInclude Include="$(MSBuildThisFileDirectory)IFuelTrimService.h">
      <Filter>Header Files\Services\Interface</Filter>
    </ClInclude>
    <ClInclude Include="$(MSBuildThisFileDirectory)IIgnitorService.h">
      <Filter>Header Files\Services\Interface</Filter>
    </ClInclude>
    <ClInclude Include="$(MSBuildThisFileDirectory)IInjectorService.h">
      <Filter>Header Files\Services\Interface</Filter>
    </ClInclude>
    <ClInclude Include="$(MSBuildThisFileDirectory)IIntakeAirTemperatureService.h">
      <Filter>Header Files\Services\Interface</Filter>
    </ClInclude>
    <ClInclude Include="$(MSBuildThisFileDirectory)IMapService.h">
      <Filter>Header Files\Services\Interface</Filter>
    </ClInclude>
    <ClInclude Include="$(MSBuildThisFileDirectory)ITpsService.h">
      <Filter>Header Files\Services\Interface</Filter>
    </ClInclude>
    <ClInclude Include="$(MSBuildThisFileDirectory)IVoltageService.h">
      <Filter>Header Files\Services\Interface</Filter>
    </ClInclude>
    <ClInclude Include="$(MSBuildThisFileDirectory)PistonEngineIgnitionConfig_Map_Ethanol.h">
      <Filter>Header Files\PistonEngine\IgnitionConfig</Filter>
    </ClInclude>
    <ClInclude Include="$(MSBuildThisFileDirectory)PistonEngineIgnitionConfigWrapper_HardRpmLimit.h">
      <Filter>Header Files\PistonEngine\IgnitionConfig</Filter>
    </ClInclude>
    <ClInclude Include="$(MSBuildThisFileDirectory)PistonEngineIgnitionConfigWrapper_SoftPidRpmLimit.h">
      <Filter>Header Files\PistonEngine\IgnitionConfig</Filter>
    </ClInclude>
    <ClInclude Include="$(MSBuildThisFileDirectory)Services.h">
      <Filter>Header Files\Services</Filter>
    </ClInclude>
  </ItemGroup>
  <ItemGroup>
    <ClCompile Include="$(MSBuildThisFileDirectory)PistonEngineController.cpp">
      <Filter>Source Files\PistonEngine</Filter>
    </ClCompile>
    <ClCompile Include="$(MSBuildThisFileDirectory)EthanolService_Pwm.cpp">
      <Filter>Source Files\Services\EthanolService</Filter>
    </ClCompile>
    <ClCompile Include="$(MSBuildThisFileDirectory)EthanolService_Analog.cpp">
      <Filter>Source Files\Services\EthanolService</Filter>
    </ClCompile>
    <ClCompile Include="$(MSBuildThisFileDirectory)PistonEngineInjectionConfig_SD.cpp">
      <Filter>Source Files\PistonEngine\InjectionConfig</Filter>
    </ClCompile>
    <ClCompile Include="$(MSBuildThisFileDirectory)PistonEngineInjectionConfigWrapper_DFCO.cpp">
      <Filter>Source Files\PistonEngine\InjectionConfig</Filter>
    </ClCompile>
    <ClCompile Include="$(MSBuildThisFileDirectory)PistonEngineFactory.cpp">
      <Filter>Source Files\PistonEngine</Filter>
    </ClCompile>
    <ClCompile Include="$(MSBuildThisFileDirectory)PistonEngineIgnitionConfig_Map_Ethanol.cpp">
      <Filter>Source Files\PistonEngine\IgnitionConfig</Filter>
    </ClCompile>
    <ClCompile Include="$(MSBuildThisFileDirectory)PistonEngineIgnitionConfigWrapper_HardRpmLimit.cpp">
      <Filter>Source Files\PistonEngine\IgnitionConfig</Filter>
    </ClCompile>
    <ClCompile Include="$(MSBuildThisFileDirectory)PistonEngineIgnitionConfigWrapper_SoftPidRpmLimit.cpp">
      <Filter>Source Files\PistonEngine\IgnitionConfig</Filter>
    </ClCompile>
    <ClCompile Include="$(MSBuildThisFileDirectory)AfrService_Map_Ethanol.cpp">
      <Filter>Source Files\Services</Filter>
    </ClCompile>
    <ClCompile Include="$(MSBuildThisFileDirectory)Services.cpp">
      <Filter>Source Files\Services</Filter>
    </ClCompile>
    <ClCompile Include="$(MSBuildThisFileDirectory)EngineCoolantTemperatureService_Analog.cpp">
      <Filter>Source Files\Services</Filter>
    </ClCompile>
    <ClCompile Include="$(MSBuildThisFileDirectory)IgnitionService.cpp">
      <Filter>Source Files\Services</Filter>
    </ClCompile>
    <ClCompile Include="$(MSBuildThisFileDirectory)InjectorService.cpp">
      <Filter>Source Files\Services</Filter>
    </ClCompile>
    <ClCompile Include="$(MSBuildThisFileDirectory)IntakeAirTemperatureService_Analog.cpp">
      <Filter>Source Files\Services</Filter>
    </ClCompile>
    <ClCompile Include="$(MSBuildThisFileDirectory)MapService_Analog.cpp">
      <Filter>Source Files\Services</Filter>
    </ClCompile>
    <ClCompile Include="$(MSBuildThisFileDirectory)TpsService_Analog.cpp">
      <Filter>Source Files\Services</Filter>
    </ClCompile>
    <ClCompile Include="$(MSBuildThisFileDirectory)VoltageService_Analog.cpp">
      <Filter>Source Files\Services</Filter>
    </ClCompile>
    <ClCompile Include="$(MSBuildThisFileDirectory)IInjectorService.cpp">
      <Filter>Source Files\Services\Interface</Filter>
    </ClCompile>
    <ClCompile Include="$(MSBuildThisFileDirectory)IIgnitorService.cpp">
      <Filter>Source Files\Services\Interface</Filter>
    </ClCompile>
  </ItemGroup>
  <ItemGroup>
    <None Include="$(MSBuildThisFileDirectory)..\TuneFiles\IgnitionAdvanceFile.dat">
      <Filter>Tune Files</Filter>
    </None>
    <None Include="$(MSBuildThisFileDirectory)..\TuneFiles\MapLinearConfigFile.dat">
      <Filter>Tune Files</Filter>
    </None>
    <None Include="$(MSBuildThisFileDirectory)..\TuneFiles\PistonEngineSDConfigFile.dat">
      <Filter>Tune Files</Filter>
    </None>
    <None Include="$(MSBuildThisFileDirectory)..\TuneFiles\VolumetricEfficiencyFile.dat">
      <Filter>Tune Files</Filter>
    </None>
  </ItemGroup>
</Project>