
Microsoft Visual Studio Solution File, Format Version 12.00
# Visual Studio 14
VisualStudioVersion = 14.0.25420.1
MinimumVisualStudioVersion = 10.0.40219.1
Project("{8BC9CEB8-8B4A-11D0-8D11-00A0C91BC942}") = "EngineManagement", "EngineManagement\EngineManagement.vcxitems", "{41CFC6D8-0C3C-48C0-9F70-4590099B2DC4}"
EndProject
Project("{8BC9CEB8-8B4A-11D0-8D11-00A0C91BC942}") = "UnitTests", "UnitTests\UnitTests.vcxproj", "{ED2D29A3-DF47-498D-88CA-2317851EDB37}"
EndProject
Project("{8BC9CEB8-8B4A-11D0-8D11-00A0C91BC942}") = "HardwareAbstraction", "..\HardwareAbstraction\HardwareAbstraction\HardwareAbstraction.vcxitems", "{A7BFBBA3-7F98-48AA-9F2C-F6C9C80A064F}"
EndProject
Project("{8BC9CEB8-8B4A-11D0-8D11-00A0C91BC942}") = "ReluctorDecoders", "..\ReluctorDecoders\ReluctorDecoders\ReluctorDecoders.vcxitems", "{B410EAA9-0A97-4339-A669-BAB737706124}"
EndProject
Global
	GlobalSection(SharedMSBuildProjectFiles) = preSolution
		EngineManagement\EngineManagement.vcxitems*{41cfc6d8-0c3c-48c0-9f70-4590099b2dc4}*SharedItemsImports = 9
		..\HardwareAbstraction\HardwareAbstraction\HardwareAbstraction.vcxitems*{a7bfbba3-7f98-48aa-9f2c-f6c9c80a064f}*SharedItemsImports = 9
		..\ReluctorDecoders\ReluctorDecoders\ReluctorDecoders.vcxitems*{b410eaa9-0a97-4339-a669-bab737706124}*SharedItemsImports = 9
		EngineManagement\EngineManagement.vcxitems*{ed2d29a3-df47-498d-88ca-2317851edb37}*SharedItemsImports = 4
		..\HardwareAbstraction\HardwareAbstraction\HardwareAbstraction.vcxitems*{ed2d29a3-df47-498d-88ca-2317851edb37}*SharedItemsImports = 4
		..\ReluctorDecoders\ReluctorDecoders\ReluctorDecoders.vcxitems*{ed2d29a3-df47-498d-88ca-2317851edb37}*SharedItemsImports = 4
	EndGlobalSection
	GlobalSection(SolutionConfigurationPlatforms) = preSolution
		Debug|x64 = Debug|x64
		Debug|x86 = Debug|x86
		Release|x64 = Release|x64
		Release|x86 = Release|x86
	EndGlobalSection
	GlobalSection(ProjectConfigurationPlatforms) = postSolution
		{ED2D29A3-DF47-498D-88CA-2317851EDB37}.Debug|x64.ActiveCfg = Debug|x64
		{ED2D29A3-DF47-498D-88CA-2317851EDB37}.Debug|x64.Build.0 = Debug|x64
		{ED2D29A3-DF47-498D-88CA-2317851EDB37}.Debug|x86.ActiveCfg = Debug|Win32
		{ED2D29A3-DF47-498D-88CA-2317851EDB37}.Debug|x86.Build.0 = Debug|Win32
		{ED2D29A3-DF47-498D-88CA-2317851EDB37}.Release|x64.ActiveCfg = Release|x64
		{ED2D29A3-DF47-498D-88CA-2317851EDB37}.Release|x64.Build.0 = Release|x64
		{ED2D29A3-DF47-498D-88CA-2317851EDB37}.Release|x86.ActiveCfg = Release|Win32
		{ED2D29A3-DF47-498D-88CA-2317851EDB37}.Release|x86.Build.0 = Release|Win32
	EndGlobalSection
	GlobalSection(SolutionProperties) = preSolution
		HideSolutionNode = FALSE
	EndGlobalSection
EndGlobal
